
Microsoft Visual Studio Solution File, Format Version 12.00
# Visual Studio Version 17
VisualStudioVersion = 17.13.35828.75 d17.13
MinimumVisualStudioVersion = 10.0.40219.1
Project("{FAE04EC0-301F-11D3-BF4B-00C04F79EFBC}") = "Mnogobabokvkarmane", "Mnogobabokvkarmane\Mnogobabokvkarmane.csproj", "{6F177BFB-35B5-4AC7-BAB0-B3C471ADA033}"
EndProject
Global
	GlobalSection(SolutionConfigurationPlatforms) = preSolution
		Debug|Any CPU = Debug|Any CPU
		Release|Any CPU = Release|Any CPU
	EndGlobalSection
	GlobalSection(ProjectConfigurationPlatforms) = postSolution
		{6F177BFB-35B5-4AC7-BAB0-B3C471ADA033}.Debug|Any CPU.ActiveCfg = Debug|Any CPU
		{6F177BFB-35B5-4AC7-BAB0-B3C471ADA033}.Debug|Any CPU.Build.0 = Debug|Any CPU
		{6F177BFB-35B5-4AC7-BAB0-B3C471ADA033}.Release|Any CPU.ActiveCfg = Release|Any CPU
		{6F177BFB-35B5-4AC7-BAB0-B3C471ADA033}.Release|Any CPU.Build.0 = Release|Any CPU
	EndGlobalSection
	GlobalSection(SolutionProperties) = preSolution
		HideSolutionNode = FALSE
	EndGlobalSection
	GlobalSection(ExtensibilityGlobals) = postSolution
		SolutionGuid = {F58F27C4-C544-4210-B91A-C7C725D6868C}
	EndGlobalSection
EndGlobal
