
Microsoft Visual Studio Solution File, Format Version 12.00
# Visual Studio Version 17
VisualStudioVersion = 17.13.35828.75 d17.13
MinimumVisualStudioVersion = 10.0.40219.1
Project("{FAE04EC0-301F-11D3-BF4B-00C04F79EFBC}") = "SwitchWeekDay", "SwitchWeekDay\SwitchWeekDay.csproj", "{CFE884D4-2C44-43C0-BA00-31618429CB0F}"
EndProject
Global
	GlobalSection(SolutionConfigurationPlatforms) = preSolution
		Debug|Any CPU = Debug|Any CPU
		Release|Any CPU = Release|Any CPU
	EndGlobalSection
	GlobalSection(ProjectConfigurationPlatforms) = postSolution
		{CFE884D4-2C44-43C0-BA00-31618429CB0F}.Debug|Any CPU.ActiveCfg = Debug|Any CPU
		{CFE884D4-2C44-43C0-BA00-31618429CB0F}.Debug|Any CPU.Build.0 = Debug|Any CPU
		{CFE884D4-2C44-43C0-BA00-31618429CB0F}.Release|Any CPU.ActiveCfg = Release|Any CPU
		{CFE884D4-2C44-43C0-BA00-31618429CB0F}.Release|Any CPU.Build.0 = Release|Any CPU
	EndGlobalSection
	GlobalSection(SolutionProperties) = preSolution
		HideSolutionNode = FALSE
	EndGlobalSection
	GlobalSection(ExtensibilityGlobals) = postSolution
		SolutionGuid = {09AAEEB0-347B-4CAF-9485-8785FC63E69B}
	EndGlobalSection
EndGlobal
